// !$*UTF8*$!
{
	archiveVersion = 1;
	classes = {
	};
	objectVersion = 52;
	objects = {

/* Begin PBXBuildFile section */
		D30352EF25A4F0700049C77C /* BumblebeeDetectorApp.swift in Sources */ = {isa = PBXBuildFile; fileRef = D30352EE25A4F0700049C77C /* BumblebeeDetectorApp.swift */; };
		D30352F125A4F0700049C77C /* ContentView.swift in Sources */ = {isa = PBXBuildFile; fileRef = D30352F025A4F0700049C77C /* ContentView.swift */; };
		D30352F325A4F0710049C77C /* Assets.xcassets in Resources */ = {isa = PBXBuildFile; fileRef = D30352F225A4F0710049C77C /* Assets.xcassets */; };
		D30352F625A4F0710049C77C /* Preview Assets.xcassets in Resources */ = {isa = PBXBuildFile; fileRef = D30352F525A4F0710049C77C /* Preview Assets.xcassets */; };
		D325D9532614EED800119C5B /* Alamofire in Frameworks */ = {isa = PBXBuildFile; productRef = D325D9522614EED800119C5B /* Alamofire */; };
		D342E4E62611DF8D006AA53F /* Requests.swift in Sources */ = {isa = PBXBuildFile; fileRef = D342E4E52611DF8D006AA53F /* Requests.swift */; };
		D34FAF8D25EEDD0600AB3725 /* MapView.swift in Sources */ = {isa = PBXBuildFile; fileRef = D34FAF8C25EEDD0600AB3725 /* MapView.swift */; };
		D350A8C625E6C01800CE31DF /* Detector.xcdatamodeld in Sources */ = {isa = PBXBuildFile; fileRef = D350A8C425E6C01800CE31DF /* Detector.xcdatamodeld */; };
		D350A8C925E6C16D00CE31DF /* PersistenceController.swift in Sources */ = {isa = PBXBuildFile; fileRef = D350A8C825E6C16D00CE31DF /* PersistenceController.swift */; };
		D350A90C25E6C4C600CE31DF /* Bumblebee+CoreDataClass.swift in Sources */ = {isa = PBXBuildFile; fileRef = D350A90A25E6C4C600CE31DF /* Bumblebee+CoreDataClass.swift */; };
		D350A90D25E6C4C600CE31DF /* Bumblebee+CoreDataProperties.swift in Sources */ = {isa = PBXBuildFile; fileRef = D350A90B25E6C4C600CE31DF /* Bumblebee+CoreDataProperties.swift */; };
		D359AC232615DC5F007C95C6 /* BeeRow.swift in Sources */ = {isa = PBXBuildFile; fileRef = D359AC222615DC5F007C95C6 /* BeeRow.swift */; };
		D35E25CC260238820025EBEB /* DetailRow.swift in Sources */ = {isa = PBXBuildFile; fileRef = D35E25CB260238820025EBEB /* DetailRow.swift */; };
		D366246A25DF03B300241EF7 /* LoadingIndicator.swift in Sources */ = {isa = PBXBuildFile; fileRef = D366246925DF03B300241EF7 /* LoadingIndicator.swift */; };
		D37A622A25EF12EC00163207 /* PhotoSelectActionSheet.swift in Sources */ = {isa = PBXBuildFile; fileRef = D37A622925EF12EC00163207 /* PhotoSelectActionSheet.swift */; };
		D37A624725EF334E00163207 /* PagingView.swift in Sources */ = {isa = PBXBuildFile; fileRef = D37A624625EF334E00163207 /* PagingView.swift */; };
		D3875A0A25B0A097002C1B80 /* AnimationView.swift in Sources */ = {isa = PBXBuildFile; fileRef = D3875A0925B0A097002C1B80 /* AnimationView.swift */; };
		D3A2F647260E06D5006237B0 /* ImageQuality.swift in Sources */ = {isa = PBXBuildFile; fileRef = D3A2F646260E06D5006237B0 /* ImageQuality.swift */; };
		D3A2F64B260E2737006237B0 /* TestView.swift in Sources */ = {isa = PBXBuildFile; fileRef = D3A2F64A260E2737006237B0 /* TestView.swift */; };
		D3A441E525DEF961003EFAEC /* FilledButton.swift in Sources */ = {isa = PBXBuildFile; fileRef = D3A441E425DEF961003EFAEC /* FilledButton.swift */; };
		D3B1975D25E6983F006CDBB4 /* BumblebeeModelNew.mlmodel in Sources */ = {isa = PBXBuildFile; fileRef = D3B1975C25E6983F006CDBB4 /* BumblebeeModelNew.mlmodel */; };
		D3B23D7D25A6532700C67B68 /* Utils.swift in Sources */ = {isa = PBXBuildFile; fileRef = D3B23D7C25A6532700C67B68 /* Utils.swift */; };
		D3B4D65C25F53880009F68AC /* Interpolation.swift in Sources */ = {isa = PBXBuildFile; fileRef = D3B4D65B25F53880009F68AC /* Interpolation.swift */; };
		D3D0B3F825A4FE860011E322 /* ImagePicker.swift in Sources */ = {isa = PBXBuildFile; fileRef = D3D0B3F725A4FE860011E322 /* ImagePicker.swift */; };
		D3D0B42325A511950011E322 /* BumblebeeEdit.swift in Sources */ = {isa = PBXBuildFile; fileRef = D3D0B42225A511950011E322 /* BumblebeeEdit.swift */; };
		D3D0B42B25A51A560011E322 /* AddBeeView.swift in Sources */ = {isa = PBXBuildFile; fileRef = D3D0B42A25A51A560011E322 /* AddBeeView.swift */; };
		D3D0B42F25A523010011E322 /* BumblebeeModel.mlmodel in Sources */ = {isa = PBXBuildFile; fileRef = D3D0B42E25A523010011E322 /* BumblebeeModel.mlmodel */; };
		D3D1918925D2E98300DD9161 /* Localisation.swift in Sources */ = {isa = PBXBuildFile; fileRef = D3D1918825D2E98300DD9161 /* Localisation.swift */; };
		D3DB09F025DEE04C001E76AA /* ProfilePictureAndBackground.swift in Sources */ = {isa = PBXBuildFile; fileRef = D3DB09EF25DEE04C001E76AA /* ProfilePictureAndBackground.swift */; };
		D3E1799425F6C66300102C30 /* ShareSheet.swift in Sources */ = {isa = PBXBuildFile; fileRef = D3E1799325F6C66300102C30 /* ShareSheet.swift */; };
/* End PBXBuildFile section */

/* Begin PBXFileReference section */
		D30352EB25A4F0700049C77C /* BumblebeeDetector.app */ = {isa = PBXFileReference; explicitFileType = wrapper.application; includeInIndex = 0; path = BumblebeeDetector.app; sourceTree = BUILT_PRODUCTS_DIR; };
		D30352EE25A4F0700049C77C /* BumblebeeDetectorApp.swift */ = {isa = PBXFileReference; lastKnownFileType = sourcecode.swift; path = BumblebeeDetectorApp.swift; sourceTree = "<group>"; };
		D30352F025A4F0700049C77C /* ContentView.swift */ = {isa = PBXFileReference; lastKnownFileType = sourcecode.swift; path = ContentView.swift; sourceTree = "<group>"; };
		D30352F225A4F0710049C77C /* Assets.xcassets */ = {isa = PBXFileReference; lastKnownFileType = folder.assetcatalog; path = Assets.xcassets; sourceTree = "<group>"; };
		D30352F525A4F0710049C77C /* Preview Assets.xcassets */ = {isa = PBXFileReference; lastKnownFileType = folder.assetcatalog; path = "Preview Assets.xcassets"; sourceTree = "<group>"; };
		D30352F725A4F0710049C77C /* Info.plist */ = {isa = PBXFileReference; lastKnownFileType = text.plist.xml; path = Info.plist; sourceTree = "<group>"; };
		D342E4E52611DF8D006AA53F /* Requests.swift */ = {isa = PBXFileReference; lastKnownFileType = sourcecode.swift; path = Requests.swift; sourceTree = "<group>"; };
		D34FAF8C25EEDD0600AB3725 /* MapView.swift */ = {isa = PBXFileReference; lastKnownFileType = sourcecode.swift; path = MapView.swift; sourceTree = "<group>"; };
		D350A8C525E6C01800CE31DF /* Bumblebee.xcdatamodel */ = {isa = PBXFileReference; lastKnownFileType = wrapper.xcdatamodel; path = Bumblebee.xcdatamodel; sourceTree = "<group>"; };
		D350A8C825E6C16D00CE31DF /* PersistenceController.swift */ = {isa = PBXFileReference; lastKnownFileType = sourcecode.swift; path = PersistenceController.swift; sourceTree = "<group>"; };
		D350A90A25E6C4C600CE31DF /* Bumblebee+CoreDataClass.swift */ = {isa = PBXFileReference; lastKnownFileType = sourcecode.swift; path = "Bumblebee+CoreDataClass.swift"; sourceTree = "<group>"; };
		D350A90B25E6C4C600CE31DF /* Bumblebee+CoreDataProperties.swift */ = {isa = PBXFileReference; lastKnownFileType = sourcecode.swift; path = "Bumblebee+CoreDataProperties.swift"; sourceTree = "<group>"; };
		D359AC222615DC5F007C95C6 /* BeeRow.swift */ = {isa = PBXFileReference; lastKnownFileType = sourcecode.swift; path = BeeRow.swift; sourceTree = "<group>"; };
		D35E25CB260238820025EBEB /* DetailRow.swift */ = {isa = PBXFileReference; lastKnownFileType = sourcecode.swift; path = DetailRow.swift; sourceTree = "<group>"; };
		D366246925DF03B300241EF7 /* LoadingIndicator.swift */ = {isa = PBXFileReference; lastKnownFileType = sourcecode.swift; path = LoadingIndicator.swift; sourceTree = "<group>"; };
		D37A622925EF12EC00163207 /* PhotoSelectActionSheet.swift */ = {isa = PBXFileReference; lastKnownFileType = sourcecode.swift; path = PhotoSelectActionSheet.swift; sourceTree = "<group>"; };
		D37A624625EF334E00163207 /* PagingView.swift */ = {isa = PBXFileReference; lastKnownFileType = sourcecode.swift; path = PagingView.swift; sourceTree = "<group>"; };
		D3875A0925B0A097002C1B80 /* AnimationView.swift */ = {isa = PBXFileReference; lastKnownFileType = sourcecode.swift; path = AnimationView.swift; sourceTree = "<group>"; };
		D3A2F646260E06D5006237B0 /* ImageQuality.swift */ = {isa = PBXFileReference; lastKnownFileType = sourcecode.swift; path = ImageQuality.swift; sourceTree = "<group>"; };
		D3A2F64A260E2737006237B0 /* TestView.swift */ = {isa = PBXFileReference; lastKnownFileType = sourcecode.swift; path = TestView.swift; sourceTree = "<group>"; };
		D3A441E425DEF961003EFAEC /* FilledButton.swift */ = {isa = PBXFileReference; lastKnownFileType = sourcecode.swift; path = FilledButton.swift; sourceTree = "<group>"; };
		D3B1975C25E6983F006CDBB4 /* BumblebeeModelNew.mlmodel */ = {isa = PBXFileReference; lastKnownFileType = file.mlmodel; path = BumblebeeModelNew.mlmodel; sourceTree = "<group>"; };
		D3B23D7C25A6532700C67B68 /* Utils.swift */ = {isa = PBXFileReference; lastKnownFileType = sourcecode.swift; path = Utils.swift; sourceTree = "<group>"; };
		D3B4D65B25F53880009F68AC /* Interpolation.swift */ = {isa = PBXFileReference; lastKnownFileType = sourcecode.swift; path = Interpolation.swift; sourceTree = "<group>"; };
		D3D0B3F725A4FE860011E322 /* ImagePicker.swift */ = {isa = PBXFileReference; lastKnownFileType = sourcecode.swift; path = ImagePicker.swift; sourceTree = "<group>"; };
		D3D0B42225A511950011E322 /* BumblebeeEdit.swift */ = {isa = PBXFileReference; lastKnownFileType = sourcecode.swift; path = BumblebeeEdit.swift; sourceTree = "<group>"; };
		D3D0B42A25A51A560011E322 /* AddBeeView.swift */ = {isa = PBXFileReference; lastKnownFileType = sourcecode.swift; path = AddBeeView.swift; sourceTree = "<group>"; };
		D3D0B42E25A523010011E322 /* BumblebeeModel.mlmodel */ = {isa = PBXFileReference; lastKnownFileType = file.mlmodel; path = BumblebeeModel.mlmodel; sourceTree = "<group>"; };
		D3D1918825D2E98300DD9161 /* Localisation.swift */ = {isa = PBXFileReference; lastKnownFileType = sourcecode.swift; path = Localisation.swift; sourceTree = "<group>"; };
		D3DB09EF25DEE04C001E76AA /* ProfilePictureAndBackground.swift */ = {isa = PBXFileReference; lastKnownFileType = sourcecode.swift; path = ProfilePictureAndBackground.swift; sourceTree = "<group>"; };
		D3E1799325F6C66300102C30 /* ShareSheet.swift */ = {isa = PBXFileReference; lastKnownFileType = sourcecode.swift; path = ShareSheet.swift; sourceTree = "<group>"; };
/* End PBXFileReference section */

/* Begin PBXFrameworksBuildPhase section */
		D30352E825A4F0700049C77C /* Frameworks */ = {
			isa = PBXFrameworksBuildPhase;
			buildActionMask = 2147483647;
			files = (
				D325D9532614EED800119C5B /* Alamofire in Frameworks */,
			);
			runOnlyForDeploymentPostprocessing = 0;
		};
/* End PBXFrameworksBuildPhase section */

/* Begin PBXGroup section */
		D30352E225A4F0700049C77C = {
			isa = PBXGroup;
			children = (
				D30352ED25A4F0700049C77C /* BumblebeeDetector */,
				D30352EC25A4F0700049C77C /* Products */,
			);
			sourceTree = "<group>";
		};
		D30352EC25A4F0700049C77C /* Products */ = {
			isa = PBXGroup;
			children = (
				D30352EB25A4F0700049C77C /* BumblebeeDetector.app */,
			);
			name = Products;
			sourceTree = "<group>";
		};
		D30352ED25A4F0700049C77C /* BumblebeeDetector */ = {
			isa = PBXGroup;
			children = (
				D30352EE25A4F0700049C77C /* BumblebeeDetectorApp.swift */,
				D3FE202E25ACD87500E8B55B /* Util */,
				D3D0B42625A51A370011E322 /* Views */,
				D3D0B42825A51A3F0011E322 /* Model */,
				D30352F225A4F0710049C77C /* Assets.xcassets */,
				D30352F725A4F0710049C77C /* Info.plist */,
				D30352F425A4F0710049C77C /* Preview Content */,
			);
			path = BumblebeeDetector;
			sourceTree = "<group>";
		};
		D30352F425A4F0710049C77C /* Preview Content */ = {
			isa = PBXGroup;
			children = (
				D30352F525A4F0710049C77C /* Preview Assets.xcassets */,
			);
			path = "Preview Content";
			sourceTree = "<group>";
		};
		D3D0B42625A51A370011E322 /* Views */ = {
			isa = PBXGroup;
			children = (
				D3DB09ED25DEDF96001E76AA /* Components */,
				D30352F025A4F0700049C77C /* ContentView.swift */,
				D3D0B42A25A51A560011E322 /* AddBeeView.swift */,
				D3A2F64A260E2737006237B0 /* TestView.swift */,
			);
			path = Views;
			sourceTree = "<group>";
		};
		D3D0B42825A51A3F0011E322 /* Model */ = {
			isa = PBXGroup;
			children = (
				D3D0B42225A511950011E322 /* BumblebeeEdit.swift */,
				D350A90A25E6C4C600CE31DF /* Bumblebee+CoreDataClass.swift */,
				D350A90B25E6C4C600CE31DF /* Bumblebee+CoreDataProperties.swift */,
				D350A8C425E6C01800CE31DF /* Detector.xcdatamodeld */,
				D350A8C825E6C16D00CE31DF /* PersistenceController.swift */,
				D3D0B42E25A523010011E322 /* BumblebeeModel.mlmodel */,
				D3B1975C25E6983F006CDBB4 /* BumblebeeModelNew.mlmodel */,
			);
			path = Model;
			sourceTree = "<group>";
		};
		D3DB09ED25DEDF96001E76AA /* Components */ = {
			isa = PBXGroup;
			children = (
				D3DB09EF25DEE04C001E76AA /* ProfilePictureAndBackground.swift */,
				D366246925DF03B300241EF7 /* LoadingIndicator.swift */,
				D3A441E425DEF961003EFAEC /* FilledButton.swift */,
				D34FAF8C25EEDD0600AB3725 /* MapView.swift */,
				D37A622925EF12EC00163207 /* PhotoSelectActionSheet.swift */,
				D37A624625EF334E00163207 /* PagingView.swift */,
				D3E1799325F6C66300102C30 /* ShareSheet.swift */,
				D35E25CB260238820025EBEB /* DetailRow.swift */,
				D359AC222615DC5F007C95C6 /* BeeRow.swift */,
			);
			path = Components;
			sourceTree = "<group>";
		};
		D3FE202E25ACD87500E8B55B /* Util */ = {
			isa = PBXGroup;
			children = (
				D3B23D7C25A6532700C67B68 /* Utils.swift */,
				D342E4E52611DF8D006AA53F /* Requests.swift */,
				D3D1918825D2E98300DD9161 /* Localisation.swift */,
				D3A2F646260E06D5006237B0 /* ImageQuality.swift */,
				D3B4D65B25F53880009F68AC /* Interpolation.swift */,
				D3D0B3F725A4FE860011E322 /* ImagePicker.swift */,
				D3875A0925B0A097002C1B80 /* AnimationView.swift */,
			);
			path = Util;
			sourceTree = "<group>";
		};
/* End PBXGroup section */

/* Begin PBXNativeTarget section */
		D30352EA25A4F0700049C77C /* BumblebeeDetector */ = {
			isa = PBXNativeTarget;
			buildConfigurationList = D30352FA25A4F0710049C77C /* Build configuration list for PBXNativeTarget "BumblebeeDetector" */;
			buildPhases = (
				D30352E725A4F0700049C77C /* Sources */,
				D30352E825A4F0700049C77C /* Frameworks */,
				D30352E925A4F0700049C77C /* Resources */,
			);
			buildRules = (
			);
			dependencies = (
			);
			name = BumblebeeDetector;
			packageProductDependencies = (
				D325D9522614EED800119C5B /* Alamofire */,
			);
			productName = BumblebeeDetector;
			productReference = D30352EB25A4F0700049C77C /* BumblebeeDetector.app */;
			productType = "com.apple.product-type.application";
		};
/* End PBXNativeTarget section */

/* Begin PBXProject section */
		D30352E325A4F0700049C77C /* Project object */ = {
			isa = PBXProject;
			attributes = {
				LastSwiftUpdateCheck = 1230;
				LastUpgradeCheck = 1230;
				TargetAttributes = {
					D30352EA25A4F0700049C77C = {
						CreatedOnToolsVersion = 12.3;
					};
				};
			};
			buildConfigurationList = D30352E625A4F0700049C77C /* Build configuration list for PBXProject "BumblebeeDetector" */;
			compatibilityVersion = "Xcode 9.3";
			developmentRegion = en;
			hasScannedForEncodings = 0;
			knownRegions = (
				en,
				Base,
			);
			mainGroup = D30352E225A4F0700049C77C;
			packageReferences = (
				D325D9512614EED800119C5B /* XCRemoteSwiftPackageReference "Alamofire" */,
			);
			productRefGroup = D30352EC25A4F0700049C77C /* Products */;
			projectDirPath = "";
			projectRoot = "";
			targets = (
				D30352EA25A4F0700049C77C /* BumblebeeDetector */,
			);
		};
/* End PBXProject section */

/* Begin PBXResourcesBuildPhase section */
		D30352E925A4F0700049C77C /* Resources */ = {
			isa = PBXResourcesBuildPhase;
			buildActionMask = 2147483647;
			files = (
				D30352F625A4F0710049C77C /* Preview Assets.xcassets in Resources */,
				D30352F325A4F0710049C77C /* Assets.xcassets in Resources */,
			);
			runOnlyForDeploymentPostprocessing = 0;
		};
/* End PBXResourcesBuildPhase section */

/* Begin PBXSourcesBuildPhase section */
		D30352E725A4F0700049C77C /* Sources */ = {
			isa = PBXSourcesBuildPhase;
			buildActionMask = 2147483647;
			files = (
				D366246A25DF03B300241EF7 /* LoadingIndicator.swift in Sources */,
				D3A2F64B260E2737006237B0 /* TestView.swift in Sources */,
				D3D0B3F825A4FE860011E322 /* ImagePicker.swift in Sources */,
				D3B1975D25E6983F006CDBB4 /* BumblebeeModelNew.mlmodel in Sources */,
				D3875A0A25B0A097002C1B80 /* AnimationView.swift in Sources */,
				D3D0B42B25A51A560011E322 /* AddBeeView.swift in Sources */,
				D35E25CC260238820025EBEB /* DetailRow.swift in Sources */,
				D37A622A25EF12EC00163207 /* PhotoSelectActionSheet.swift in Sources */,
				D3D0B42325A511950011E322 /* BumblebeeEdit.swift in Sources */,
				D3DB09F025DEE04C001E76AA /* ProfilePictureAndBackground.swift in Sources */,
				D37A624725EF334E00163207 /* PagingView.swift in Sources */,
				D34FAF8D25EEDD0600AB3725 /* MapView.swift in Sources */,
				D3B23D7D25A6532700C67B68 /* Utils.swift in Sources */,
				D30352F125A4F0700049C77C /* ContentView.swift in Sources */,
				D350A8C925E6C16D00CE31DF /* PersistenceController.swift in Sources */,
				D3A441E525DEF961003EFAEC /* FilledButton.swift in Sources */,
				D3D0B42F25A523010011E322 /* BumblebeeModel.mlmodel in Sources */,
				D30352EF25A4F0700049C77C /* BumblebeeDetectorApp.swift in Sources */,
				D3A2F647260E06D5006237B0 /* ImageQuality.swift in Sources */,
				D3D1918925D2E98300DD9161 /* Localisation.swift in Sources */,
				D350A90D25E6C4C600CE31DF /* Bumblebee+CoreDataProperties.swift in Sources */,
				D359AC232615DC5F007C95C6 /* BeeRow.swift in Sources */,
				D350A8C625E6C01800CE31DF /* Detector.xcdatamodeld in Sources */,
				D350A90C25E6C4C600CE31DF /* Bumblebee+CoreDataClass.swift in Sources */,
				D342E4E62611DF8D006AA53F /* Requests.swift in Sources */,
				D3B4D65C25F53880009F68AC /* Interpolation.swift in Sources */,
				D3E1799425F6C66300102C30 /* ShareSheet.swift in Sources */,
			);
			runOnlyForDeploymentPostprocessing = 0;
		};
/* End PBXSourcesBuildPhase section */

/* Begin XCBuildConfiguration section */
		D30352F825A4F0710049C77C /* Debug */ = {
			isa = XCBuildConfiguration;
			buildSettings = {
				ALWAYS_SEARCH_USER_PATHS = NO;
				CLANG_ANALYZER_NONNULL = YES;
				CLANG_ANALYZER_NUMBER_OBJECT_CONVERSION = YES_AGGRESSIVE;
				CLANG_CXX_LANGUAGE_STANDARD = "gnu++14";
				CLANG_CXX_LIBRARY = "libc++";
				CLANG_ENABLE_MODULES = YES;
				CLANG_ENABLE_OBJC_ARC = YES;
				CLANG_ENABLE_OBJC_WEAK = YES;
				CLANG_WARN_BLOCK_CAPTURE_AUTORELEASING = YES;
				CLANG_WARN_BOOL_CONVERSION = YES;
				CLANG_WARN_COMMA = YES;
				CLANG_WARN_CONSTANT_CONVERSION = YES;
				CLANG_WARN_DEPRECATED_OBJC_IMPLEMENTATIONS = YES;
				CLANG_WARN_DIRECT_OBJC_ISA_USAGE = YES_ERROR;
				CLANG_WARN_DOCUMENTATION_COMMENTS = YES;
				CLANG_WARN_EMPTY_BODY = YES;
				CLANG_WARN_ENUM_CONVERSION = YES;
				CLANG_WARN_INFINITE_RECURSION = YES;
				CLANG_WARN_INT_CONVERSION = YES;
				CLANG_WARN_NON_LITERAL_NULL_CONVERSION = YES;
				CLANG_WARN_OBJC_IMPLICIT_RETAIN_SELF = YES;
				CLANG_WARN_OBJC_LITERAL_CONVERSION = YES;
				CLANG_WARN_OBJC_ROOT_CLASS = YES_ERROR;
				CLANG_WARN_QUOTED_INCLUDE_IN_FRAMEWORK_HEADER = YES;
				CLANG_WARN_RANGE_LOOP_ANALYSIS = YES;
				CLANG_WARN_STRICT_PROTOTYPES = YES;
				CLANG_WARN_SUSPICIOUS_MOVE = YES;
				CLANG_WARN_UNGUARDED_AVAILABILITY = YES_AGGRESSIVE;
				CLANG_WARN_UNREACHABLE_CODE = YES;
				CLANG_WARN__DUPLICATE_METHOD_MATCH = YES;
				COPY_PHASE_STRIP = NO;
				DEBUG_INFORMATION_FORMAT = dwarf;
				ENABLE_STRICT_OBJC_MSGSEND = YES;
				ENABLE_TESTABILITY = YES;
				GCC_C_LANGUAGE_STANDARD = gnu11;
				GCC_DYNAMIC_NO_PIC = NO;
				GCC_NO_COMMON_BLOCKS = YES;
				GCC_OPTIMIZATION_LEVEL = 0;
				GCC_PREPROCESSOR_DEFINITIONS = (
					"DEBUG=1",
					"$(inherited)",
				);
				GCC_WARN_64_TO_32_BIT_CONVERSION = YES;
				GCC_WARN_ABOUT_RETURN_TYPE = YES_ERROR;
				GCC_WARN_UNDECLARED_SELECTOR = YES;
				GCC_WARN_UNINITIALIZED_AUTOS = YES_AGGRESSIVE;
				GCC_WARN_UNUSED_FUNCTION = YES;
				GCC_WARN_UNUSED_VARIABLE = YES;
				IPHONEOS_DEPLOYMENT_TARGET = 14.3;
				MTL_ENABLE_DEBUG_INFO = INCLUDE_SOURCE;
				MTL_FAST_MATH = YES;
				ONLY_ACTIVE_ARCH = YES;
				SDKROOT = iphoneos;
				SWIFT_ACTIVE_COMPILATION_CONDITIONS = DEBUG;
				SWIFT_OPTIMIZATION_LEVEL = "-Onone";
			};
			name = Debug;
		};
		D30352F925A4F0710049C77C /* Release */ = {
			isa = XCBuildConfiguration;
			buildSettings = {
				ALWAYS_SEARCH_USER_PATHS = NO;
				CLANG_ANALYZER_NONNULL = YES;
				CLANG_ANALYZER_NUMBER_OBJECT_CONVERSION = YES_AGGRESSIVE;
				CLANG_CXX_LANGUAGE_STANDARD = "gnu++14";
				CLANG_CXX_LIBRARY = "libc++";
				CLANG_ENABLE_MODULES = YES;
				CLANG_ENABLE_OBJC_ARC = YES;
				CLANG_ENABLE_OBJC_WEAK = YES;
				CLANG_WARN_BLOCK_CAPTURE_AUTORELEASING = YES;
				CLANG_WARN_BOOL_CONVERSION = YES;
				CLANG_WARN_COMMA = YES;
				CLANG_WARN_CONSTANT_CONVERSION = YES;
				CLANG_WARN_DEPRECATED_OBJC_IMPLEMENTATIONS = YES;
				CLANG_WARN_DIRECT_OBJC_ISA_USAGE = YES_ERROR;
				CLANG_WARN_DOCUMENTATION_COMMENTS = YES;
				CLANG_WARN_EMPTY_BODY = YES;
				CLANG_WARN_ENUM_CONVERSION = YES;
				CLANG_WARN_INFINITE_RECURSION = YES;
				CLANG_WARN_INT_CONVERSION = YES;
				CLANG_WARN_NON_LITERAL_NULL_CONVERSION = YES;
				CLANG_WARN_OBJC_IMPLICIT_RETAIN_SELF = YES;
				CLANG_WARN_OBJC_LITERAL_CONVERSION = YES;
				CLANG_WARN_OBJC_ROOT_CLASS = YES_ERROR;
				CLANG_WARN_QUOTED_INCLUDE_IN_FRAMEWORK_HEADER = YES;
				CLANG_WARN_RANGE_LOOP_ANALYSIS = YES;
				CLANG_WARN_STRICT_PROTOTYPES = YES;
				CLANG_WARN_SUSPICIOUS_MOVE = YES;
				CLANG_WARN_UNGUARDED_AVAILABILITY = YES_AGGRESSIVE;
				CLANG_WARN_UNREACHABLE_CODE = YES;
				CLANG_WARN__DUPLICATE_METHOD_MATCH = YES;
				COPY_PHASE_STRIP = NO;
				DEBUG_INFORMATION_FORMAT = "dwarf-with-dsym";
				ENABLE_NS_ASSERTIONS = NO;
				ENABLE_STRICT_OBJC_MSGSEND = YES;
				GCC_C_LANGUAGE_STANDARD = gnu11;
				GCC_NO_COMMON_BLOCKS = YES;
				GCC_WARN_64_TO_32_BIT_CONVERSION = YES;
				GCC_WARN_ABOUT_RETURN_TYPE = YES_ERROR;
				GCC_WARN_UNDECLARED_SELECTOR = YES;
				GCC_WARN_UNINITIALIZED_AUTOS = YES_AGGRESSIVE;
				GCC_WARN_UNUSED_FUNCTION = YES;
				GCC_WARN_UNUSED_VARIABLE = YES;
				IPHONEOS_DEPLOYMENT_TARGET = 14.3;
				MTL_ENABLE_DEBUG_INFO = NO;
				MTL_FAST_MATH = YES;
				SDKROOT = iphoneos;
				SWIFT_COMPILATION_MODE = wholemodule;
				SWIFT_OPTIMIZATION_LEVEL = "-O";
				VALIDATE_PRODUCT = YES;
			};
			name = Release;
		};
		D30352FB25A4F0710049C77C /* Debug */ = {
			isa = XCBuildConfiguration;
			buildSettings = {
				ASSETCATALOG_COMPILER_APPICON_NAME = AppIcon;
				ASSETCATALOG_COMPILER_GLOBAL_ACCENT_COLOR_NAME = AccentColor;
				CODE_SIGN_STYLE = Automatic;
				DEVELOPMENT_ASSET_PATHS = "\"BumblebeeDetector/Preview Content\"";
				DEVELOPMENT_TEAM = C6HZNQKNS3;
				ENABLE_PREVIEWS = YES;
				INFOPLIST_FILE = BumblebeeDetector/Info.plist;
				IPHONEOS_DEPLOYMENT_TARGET = 14.0;
				LD_RUNPATH_SEARCH_PATHS = (
					"$(inherited)",
					"@executable_path/Frameworks",
				);
				PRODUCT_BUNDLE_IDENTIFIER = kiliszekmarcin.BumblebeeDetector;
				PRODUCT_NAME = "$(TARGET_NAME)";
				SWIFT_VERSION = 5.0;
				TARGETED_DEVICE_FAMILY = "1,2";
			};
			name = Debug;
		};
		D30352FC25A4F0710049C77C /* Release */ = {
			isa = XCBuildConfiguration;
			buildSettings = {
				ASSETCATALOG_COMPILER_APPICON_NAME = AppIcon;
				ASSETCATALOG_COMPILER_GLOBAL_ACCENT_COLOR_NAME = AccentColor;
				CODE_SIGN_STYLE = Automatic;
				DEVELOPMENT_ASSET_PATHS = "\"BumblebeeDetector/Preview Content\"";
				DEVELOPMENT_TEAM = C6HZNQKNS3;
				ENABLE_PREVIEWS = YES;
				INFOPLIST_FILE = BumblebeeDetector/Info.plist;
				IPHONEOS_DEPLOYMENT_TARGET = 14.0;
				LD_RUNPATH_SEARCH_PATHS = (
					"$(inherited)",
					"@executable_path/Frameworks",
				);
				PRODUCT_BUNDLE_IDENTIFIER = kiliszekmarcin.BumblebeeDetector;
				PRODUCT_NAME = "$(TARGET_NAME)";
				SWIFT_VERSION = 5.0;
				TARGETED_DEVICE_FAMILY = "1,2";
			};
			name = Release;
		};
/* End XCBuildConfiguration section */

/* Begin XCConfigurationList section */
		D30352E625A4F0700049C77C /* Build configuration list for PBXProject "BumblebeeDetector" */ = {
			isa = XCConfigurationList;
			buildConfigurations = (
				D30352F825A4F0710049C77C /* Debug */,
				D30352F925A4F0710049C77C /* Release */,
			);
			defaultConfigurationIsVisible = 0;
			defaultConfigurationName = Release;
		};
		D30352FA25A4F0710049C77C /* Build configuration list for PBXNativeTarget "BumblebeeDetector" */ = {
			isa = XCConfigurationList;
			buildConfigurations = (
				D30352FB25A4F0710049C77C /* Debug */,
				D30352FC25A4F0710049C77C /* Release */,
			);
			defaultConfigurationIsVisible = 0;
			defaultConfigurationName = Release;
		};
/* End XCConfigurationList section */

/* Begin XCRemoteSwiftPackageReference section */
		D325D9512614EED800119C5B /* XCRemoteSwiftPackageReference "Alamofire" */ = {
			isa = XCRemoteSwiftPackageReference;
			repositoryURL = "https://github.com/Alamofire/Alamofire";
			requirement = {
				kind = upToNextMajorVersion;
				minimumVersion = 5.4.1;
			};
		};
/* End XCRemoteSwiftPackageReference section */

/* Begin XCSwiftPackageProductDependency section */
		D325D9522614EED800119C5B /* Alamofire */ = {
			isa = XCSwiftPackageProductDependency;
			package = D325D9512614EED800119C5B /* XCRemoteSwiftPackageReference "Alamofire" */;
			productName = Alamofire;
		};
/* End XCSwiftPackageProductDependency section */

/* Begin XCVersionGroup section */
		D350A8C425E6C01800CE31DF /* Detector.xcdatamodeld */ = {
			isa = XCVersionGroup;
			children = (
				D350A8C525E6C01800CE31DF /* Bumblebee.xcdatamodel */,
			);
			currentVersion = D350A8C525E6C01800CE31DF /* Bumblebee.xcdatamodel */;
			path = Detector.xcdatamodeld;
			sourceTree = "<group>";
			versionGroupType = wrapper.xcdatamodel;
		};
/* End XCVersionGroup section */
	};
	rootObject = D30352E325A4F0700049C77C /* Project object */;
}
